{
  "R": {
    "Version": "4.2.2",
    "Repositories": [
      {
        "Name": "CRAN",
        "URL": "https://packagemanager.rstudio.com/cran/latest"
      }
    ]
  },
  "Packages": {
    "Formula": {
      "Package": "Formula",
      "Version": "1.2-4",
      "Source": "Repository",
      "Repository": "RSPM",
      "Hash": "cc8c8c4d61346cde1ca60030ff9c241f",
      "Requirements": []
    },
    "Matrix": {
      "Package": "Matrix",
      "Version": "1.5-1",
      "Source": "Repository",
      "Repository": "CRAN",
      "Hash": "539dc0c0c05636812f1080f473d2c177",
      "Requirements": [
        "lattice"
      ]
    },
    "inum": {
      "Package": "inum",
      "Version": "1.0-4",
      "Source": "Repository",
      "Repository": "RSPM",
      "Hash": "2a997a29758c334d27bc5faea4391b11",
      "Requirements": [
        "libcoin"
      ]
    },
    "lattice": {
      "Package": "lattice",
      "Version": "0.20-45",
      "Source": "Repository",
      "Repository": "CRAN",
      "Hash": "b64cdbb2b340437c4ee047a1f4c4377b",
      "Requirements": []
    },
    "libcoin": {
      "Package": "libcoin",
      "Version": "1.0-9",
      "Source": "Repository",
      "Repository": "RSPM",
      "Hash": "8400d6bc0318f0b9b082b0e75fa6dd90",
      "Requirements": [
        "mvtnorm"
      ]
    },
    "mboost": {
      "Package": "mboost",
      "Version": "2.9-7",
      "Source": "Repository",
      "Repository": "RSPM",
      "Hash": "47ac62a410a7eccf62721536c5814f87",
      "Requirements": [
        "Matrix",
        "lattice",
        "nnls",
        "partykit",
        "quadprog",
        "stabs",
        "survival"
      ]
    },
    "mvtnorm": {
      "Package": "mvtnorm",
      "Version": "1.1-3",
      "Source": "Repository",
      "Repository": "CRAN",
      "Hash": "7a7541cc284cb2ba3ba7eae645892af5",
      "Requirements": []
    },
    "nnls": {
      "Package": "nnls",
      "Version": "1.4",
      "Source": "Repository",
      "Repository": "RSPM",
      "Hash": "e451f3c2946bae5c3e5b8d63f09d186e",
      "Requirements": []
    },
    "partykit": {
      "Package": "partykit",
      "Version": "1.2-16",
      "Source": "Repository",
      "Repository": "RSPM",
      "Hash": "1cbac7e69488311fd0d2ea5e993e7d92",
      "Requirements": [
        "Formula",
        "inum",
        "libcoin",
        "mvtnorm",
        "rpart",
        "survival"
      ]
    },
    "quadprog": {
      "Package": "quadprog",
      "Version": "1.5-8",
      "Source": "Repository",
      "Repository": "RSPM",
      "Hash": "5f919ae5e7f83a6f91dcf2288943370d",
      "Requirements": []
    },
    "renv": {
      "Package": "renv",
      "Version": "0.16.0",
      "Source": "Repository",
      "Repository": "CRAN",
      "Hash": "c9e8442ab69bc21c9697ecf856c1e6c7",
      "Requirements": []
    },
    "rpart": {
      "Package": "rpart",
      "Version": "4.1.19",
      "Source": "Repository",
      "Repository": "CRAN",
      "Hash": "b3c892a81783376cc2204af0f5805a80",
      "Requirements": []
    },
    "stabs": {
      "Package": "stabs",
      "Version": "0.6-4",
      "Source": "Repository",
      "Repository": "RSPM",
      "Hash": "36f4eafcb1dc16d8035d7fe7967db2b8",
      "Requirements": []
    },
    "survival": {
      "Package": "survival",
      "Version": "3.4-0",
      "Source": "Repository",
      "Repository": "CRAN",
      "Hash": "04411ae66ab4659230c067c32966fc20",
      "Requirements": [
        "Matrix"
      ]
    }
  }
}
